
Microsoft Visual Studio Solution File, Format Version 12.00
# Visual Studio Version 17
VisualStudioVersion = 17.6.33723.286
MinimumVisualStudioVersion = 10.0.40219.1
Project("{FAE04EC0-301F-11D3-BF4B-00C04F79EFBC}") = "MySecondApp", "MySecondApp\MySecondApp.csproj", "{BE9874DA-9114-4420-8B90-D54A5622739E}"
EndProject
Global
	GlobalSection(SolutionConfigurationPlatforms) = preSolution
		Debug|Any CPU = Debug|Any CPU
		Release|Any CPU = Release|Any CPU
	EndGlobalSection
	GlobalSection(ProjectConfigurationPlatforms) = postSolution
		{BE9874DA-9114-4420-8B90-D54A5622739E}.Debug|Any CPU.ActiveCfg = Debug|Any CPU
		{BE9874DA-9114-4420-8B90-D54A5622739E}.Debug|Any CPU.Build.0 = Debug|Any CPU
		{BE9874DA-9114-4420-8B90-D54A5622739E}.Release|Any CPU.ActiveCfg = Release|Any CPU
		{BE9874DA-9114-4420-8B90-D54A5622739E}.Release|Any CPU.Build.0 = Release|Any CPU
	EndGlobalSection
	GlobalSection(SolutionProperties) = preSolution
		HideSolutionNode = FALSE
	EndGlobalSection
	GlobalSection(ExtensibilityGlobals) = postSolution
		SolutionGuid = {E87BE189-095B-4376-9407-C69570EA7602}
	EndGlobalSection
EndGlobal
